{
    "name": "questionnaire",
    "version": "1.0.0",
    "lockfileVersion": 1,
    "requires": true,
    "dependencies": {
        "async": {
            "version": "2.6.1",
            "resolved": "https://registry.npmjs.org/async/-/async-2.6.1.tgz",
            "integrity": "sha512-fNEiL2+AZt6AlAw/29Cr0UDe4sRAHCpEHh54WMz+Bb7QfNcFw4h3loofyJpLeQs4Yx7yuqu/2dLgM5hKOs6HlQ==",
            "requires": {
                "lodash": "^4.17.10"
            }
        },
        "bignumber.js": {
            "version": "4.1.0",
            "resolved": "https://registry.npmjs.org/bignumber.js/-/bignumber.js-4.1.0.tgz",
            "integrity": "sha512-eJzYkFYy9L4JzXsbymsFn3p54D+llV27oTQ+ziJG7WFRheJcNZilgVXMG0LoZtlQSKBsJdWtLFqOD0u+U0jZKA=="
        },
        "commander": {
            "version": "2.17.1",
            "resolved": "https://registry.npmjs.org/commander/-/commander-2.17.1.tgz",
            "integrity": "sha512-wPMUt6FnH2yzG95SA6mzjQOEKUU3aLaDEmzs1ti+1E9h+CsrZghRlqEM/EJ4KscsQVG8uNN4uVreUeT8+drlgg==",
            "optional": true
        },
        "cookies": {
            "version": "0.7.3",
            "resolved": "https://registry.npmjs.org/cookies/-/cookies-0.7.3.tgz",
            "integrity": "sha512-+gixgxYSgQLTaTIilDHAdlNPZDENDQernEMiIcZpYYP14zgHsCt4Ce1FEjFtcp6GefhozebB6orvhAAWx/IS0A==",
            "requires": {
                "depd": "~1.1.2",
                "keygrip": "~1.0.3"
            }
        },
        "core-util-is": {
            "version": "1.0.2",
            "resolved": "https://registry.npmjs.org/core-util-is/-/core-util-is-1.0.2.tgz",
            "integrity": "sha1-tf1UIgqivFq1eqtxQMlAdUUDwac="
        },
        "depd": {
            "version": "1.1.2",
            "resolved": "https://registry.npmjs.org/depd/-/depd-1.1.2.tgz",
            "integrity": "sha1-m81S4UwJd2PnSbJ0xDRu0uVgtak="
        },
        "handlebars": {
            "version": "4.0.12",
            "resolved": "https://registry.npmjs.org/handlebars/-/handlebars-4.0.12.tgz",
            "integrity": "sha512-RhmTekP+FZL+XNhwS1Wf+bTTZpdLougwt5pcgA1tuz6Jcx0fpH/7z0qd71RKnZHBCxIRBHfBOnio4gViPemNzA==",
            "requires": {
                "async": "^2.5.0",
                "optimist": "^0.6.1",
                "source-map": "^0.6.1",
                "uglify-js": "^3.1.4"
            }
        },
        "inherits": {
            "version": "2.0.3",
            "resolved": "https://registry.npmjs.org/inherits/-/inherits-2.0.3.tgz",
            "integrity": "sha1-Yzwsg+PaQqUC9SRmAiSA9CCCYd4="
        },
        "isarray": {
            "version": "1.0.0",
            "resolved": "https://registry.npmjs.org/isarray/-/isarray-1.0.0.tgz",
            "integrity": "sha1-u5NdSFgsuhaMBoNJV6VKPgcSTxE="
        },
        "keygrip": {
            "version": "1.0.3",
            "resolved": "https://registry.npmjs.org/keygrip/-/keygrip-1.0.3.tgz",
            "integrity": "sha512-/PpesirAIfaklxUzp4Yb7xBper9MwP6hNRA6BGGUFCgbJ+BM5CKBtsoxinNXkLHAr+GXS1/lSlF2rP7cv5Fl+g=="
        },
        "lodash": {
            "version": "4.17.11",
            "resolved": "https://registry.npmjs.org/lodash/-/lodash-4.17.11.tgz",
            "integrity": "sha512-cQKh8igo5QUhZ7lg38DYWAxMvjSAKG0A8wGSVimP07SIUEK2UO+arSRKbRZWtelMtN5V0Hkwh5ryOto/SshYIg=="
        },
        "minimist": {
            "version": "0.0.10",
            "resolved": "https://registry.npmjs.org/minimist/-/minimist-0.0.10.tgz",
            "integrity": "sha1-3j+YVD2/lggr5IrRoMfNqDYwHc8="
        },
        "mysql": {
            "version": "2.16.0",
            "resolved": "https://registry.npmjs.org/mysql/-/mysql-2.16.0.tgz",
            "integrity": "sha512-dPbN2LHonQp7D5ja5DJXNbCLe/HRdu+f3v61aguzNRQIrmZLOeRoymBYyeThrR6ug+FqzDL95Gc9maqZUJS+Gw==",
            "requires": {
                "bignumber.js": "4.1.0",
                "readable-stream": "2.3.6",
                "safe-buffer": "5.1.2",
                "sqlstring": "2.3.1"
            }
        },
        "optimist": {
            "version": "0.6.1",
            "resolved": "https://registry.npmjs.org/optimist/-/optimist-0.6.1.tgz",
            "integrity": "sha1-2j6nRob6IaGaERwybpDrFaAZZoY=",
            "requires": {
                "minimist": "~0.0.1",
                "wordwrap": "~0.0.2"
            }
        },
        "process-nextick-args": {
            "version": "2.0.0",
            "resolved": "https://registry.npmjs.org/process-nextick-args/-/process-nextick-args-2.0.0.tgz",
            "integrity": "sha512-MtEC1TqN0EU5nephaJ4rAtThHtC86dNN9qCuEhtshvpVBkAW5ZO7BASN9REnF9eoXGcRub+pFuKEpOHE+HbEMw=="
        },
        "readable-stream": {
            "version": "2.3.6",
            "resolved": "https://registry.npmjs.org/readable-stream/-/readable-stream-2.3.6.tgz",
            "integrity": "sha512-tQtKA9WIAhBF3+VLAseyMqZeBjW0AHJoxOtYqSUZNJxauErmLbVm2FW1y+J/YA9dUrAC39ITejlZWhVIwawkKw==",
            "requires": {
                "core-util-is": "~1.0.0",
                "inherits": "~2.0.3",
                "isarray": "~1.0.0",
                "process-nextick-args": "~2.0.0",
                "safe-buffer": "~5.1.1",
                "string_decoder": "~1.1.1",
                "util-deprecate": "~1.0.1"
            }
        },
        "safe-buffer": {
            "version": "5.1.2",
            "resolved": "https://registry.npmjs.org/safe-buffer/-/safe-buffer-5.1.2.tgz",
            "integrity": "sha512-Gd2UZBJDkXlY7GbJxfsE8/nvKkUEU1G38c1siN6QP6a9PT9MmHB8GnpscSmMJSoF8LOIrt8ud/wPtojys4G6+g=="
        },
        "source-map": {
            "version": "0.6.1",
            "resolved": "https://registry.npmjs.org/source-map/-/source-map-0.6.1.tgz",
            "integrity": "sha512-UjgapumWlbMhkBgzT7Ykc5YXUT46F0iKu8SGXq0bcwP5dz/h0Plj6enJqjz1Zbq2l5WaqYnrVbwWOWMyF3F47g=="
        },
        "sqlstring": {
            "version": "2.3.1",
            "resolved": "https://registry.npmjs.org/sqlstring/-/sqlstring-2.3.1.tgz",
            "integrity": "sha1-R1OT/56RR5rqYtyvDKPRSYOn+0A="
        },
        "string_decoder": {
            "version": "1.1.1",
            "resolved": "https://registry.npmjs.org/string_decoder/-/string_decoder-1.1.1.tgz",
            "integrity": "sha512-n/ShnvDi6FHbbVfviro+WojiFzv+s8MPMHBczVePfUpDJLwoLT0ht1l4YwBCbi8pJAveEEdnkHyPyTP/mzRfwg==",
            "requires": {
                "safe-buffer": "~5.1.0"
            }
        },
        "uglify-js": {
            "version": "3.4.9",
            "resolved": "https://registry.npmjs.org/uglify-js/-/uglify-js-3.4.9.tgz",
            "integrity": "sha512-8CJsbKOtEbnJsTyv6LE6m6ZKniqMiFWmm9sRbopbkGs3gMPPfd3Fh8iIA4Ykv5MgaTbqHr4BaoGLJLZNhsrW1Q==",
            "optional": true,
            "requires": {
                "commander": "~2.17.1",
                "source-map": "~0.6.1"
            }
        },
        "util-deprecate": {
            "version": "1.0.2",
            "resolved": "https://registry.npmjs.org/util-deprecate/-/util-deprecate-1.0.2.tgz",
            "integrity": "sha1-RQ1Nyfpw3nMnYvvS1KKJgUGaDM8="
        },
        "wordwrap": {
            "version": "0.0.3",
            "resolved": "https://registry.npmjs.org/wordwrap/-/wordwrap-0.0.3.tgz",
            "integrity": "sha1-o9XabNXAvAAI03I0u68b7WMFkQc="
        }
    }
}
